
Microsoft Visual Studio Solution File, Format Version 12.00
# Visual Studio Version 17
VisualStudioVersion = 17.9.34622.214
MinimumVisualStudioVersion = 10.0.40219.1
Project("{9A19103F-16F7-4668-BE54-9A1E7A4F7556}") = "eShopSolution.WebApp", "eShopSolution.WebApp\eShopSolution.WebApp.csproj", "{562831D9-68EC-4089-98AD-B8EC5B95F575}"
EndProject
Project("{2150E333-8FDC-42A3-9474-1A3956D46DE8}") = "Solution Items", "Solution Items", "{EDAFEC5E-496E-47A3-AC0F-B1354612B538}"
	ProjectSection(SolutionItems) = preProject
		README.md = README.md
	EndProjectSection
EndProject
Project("{FAE04EC0-301F-11D3-BF4B-00C04F79EFBC}") = "eShopSolution.Data", "eShopSolution.Data\eShopSolution.Data.csproj", "{6B311485-D6DD-4DB2-B421-EA012746B49E}"
EndProject
Project("{FAE04EC0-301F-11D3-BF4B-00C04F79EFBC}") = "eShopSolution.Application", "eShopSolution.Application\eShopSolution.Application.csproj", "{EA6DA7B0-90C3-47C9-946C-E853CBA9BE52}"
EndProject
Global
	GlobalSection(SolutionConfigurationPlatforms) = preSolution
		Debug|Any CPU = Debug|Any CPU
		Release|Any CPU = Release|Any CPU
	EndGlobalSection
	GlobalSection(ProjectConfigurationPlatforms) = postSolution
		{562831D9-68EC-4089-98AD-B8EC5B95F575}.Debug|Any CPU.ActiveCfg = Debug|Any CPU
		{562831D9-68EC-4089-98AD-B8EC5B95F575}.Debug|Any CPU.Build.0 = Debug|Any CPU
		{562831D9-68EC-4089-98AD-B8EC5B95F575}.Release|Any CPU.ActiveCfg = Release|Any CPU
		{562831D9-68EC-4089-98AD-B8EC5B95F575}.Release|Any CPU.Build.0 = Release|Any CPU
		{6B311485-D6DD-4DB2-B421-EA012746B49E}.Debug|Any CPU.ActiveCfg = Debug|Any CPU
		{6B311485-D6DD-4DB2-B421-EA012746B49E}.Debug|Any CPU.Build.0 = Debug|Any CPU
		{6B311485-D6DD-4DB2-B421-EA012746B49E}.Release|Any CPU.ActiveCfg = Release|Any CPU
		{6B311485-D6DD-4DB2-B421-EA012746B49E}.Release|Any CPU.Build.0 = Release|Any CPU
		{EA6DA7B0-90C3-47C9-946C-E853CBA9BE52}.Debug|Any CPU.ActiveCfg = Debug|Any CPU
		{EA6DA7B0-90C3-47C9-946C-E853CBA9BE52}.Debug|Any CPU.Build.0 = Debug|Any CPU
		{EA6DA7B0-90C3-47C9-946C-E853CBA9BE52}.Release|Any CPU.ActiveCfg = Release|Any CPU
		{EA6DA7B0-90C3-47C9-946C-E853CBA9BE52}.Release|Any CPU.Build.0 = Release|Any CPU
	EndGlobalSection
	GlobalSection(SolutionProperties) = preSolution
		HideSolutionNode = FALSE
	EndGlobalSection
	GlobalSection(NestedProjects) = preSolution
		{562831D9-68EC-4089-98AD-B8EC5B95F575} = {DA916E0F-5565-4E90-B102-364B9528F28B}
		{6B311485-D6DD-4DB2-B421-EA012746B49E} = {DE213E96-8B35-4041-BC1B-F6C79CE6A2A1}
		{EA6DA7B0-90C3-47C9-946C-E853CBA9BE52} = {DE213E96-8B35-4041-BC1B-F6C79CE6A2A1}
		{6211F4C4-1384-4FC2-8B32-4BBA27C5014E} = {00AE1872-575D-41A5-BD32-43D9BD6C9EC8}
		{24BE17C5-6C85-479A-8433-2D76A99E9C7D} = {00AE1872-575D-41A5-BD32-43D9BD6C9EC8}
		{8628585C-5FB8-4109-A031-C68A99BED252} = {DA916E0F-5565-4E90-B102-364B9528F28B}
	EndGlobalSection
	GlobalSection(ExtensibilityGlobals) = postSolution
		SolutionGuid = {8AF3E288-9957-49A3-B35B-7772617B4BA4}
	EndGlobalSection
EndGlobal
